
Microsoft Visual Studio Solution File, Format Version 12.00
# Visual Studio Version 17
VisualStudioVersion = 17.6.33815.320
MinimumVisualStudioVersion = 10.0.40219.1
Project("{9A19103F-16F7-4668-BE54-9A1E7A4F7556}") = "ScreenShotNetwork", "ScreenShotNetwork\ScreenShotNetwork.csproj", "{49F1A1AD-F836-4AA3-9AD0-A39D02D9A388}"
EndProject
Project("{FAE04EC0-301F-11D3-BF4B-00C04F79EFBC}") = "Server", "Server\Server.csproj", "{35CC3FF1-9778-414D-9FFB-3ED597F20D17}"
EndProject
Global
	GlobalSection(SolutionConfigurationPlatforms) = preSolution
		Debug|Any CPU = Debug|Any CPU
		Release|Any CPU = Release|Any CPU
	EndGlobalSection
	GlobalSection(ProjectConfigurationPlatforms) = postSolution
		{49F1A1AD-F836-4AA3-9AD0-A39D02D9A388}.Debug|Any CPU.ActiveCfg = Debug|Any CPU
		{49F1A1AD-F836-4AA3-9AD0-A39D02D9A388}.Debug|Any CPU.Build.0 = Debug|Any CPU
		{49F1A1AD-F836-4AA3-9AD0-A39D02D9A388}.Release|Any CPU.ActiveCfg = Release|Any CPU
		{49F1A1AD-F836-4AA3-9AD0-A39D02D9A388}.Release|Any CPU.Build.0 = Release|Any CPU
		{35CC3FF1-9778-414D-9FFB-3ED597F20D17}.Debug|Any CPU.ActiveCfg = Debug|Any CPU
		{35CC3FF1-9778-414D-9FFB-3ED597F20D17}.Debug|Any CPU.Build.0 = Debug|Any CPU
		{35CC3FF1-9778-414D-9FFB-3ED597F20D17}.Release|Any CPU.ActiveCfg = Release|Any CPU
		{35CC3FF1-9778-414D-9FFB-3ED597F20D17}.Release|Any CPU.Build.0 = Release|Any CPU
	EndGlobalSection
	GlobalSection(SolutionProperties) = preSolution
		HideSolutionNode = FALSE
	EndGlobalSection
	GlobalSection(ExtensibilityGlobals) = postSolution
		SolutionGuid = {08A180B8-C9F8-47A1-8E06-9E8C7DB7645E}
	EndGlobalSection
EndGlobal
